
Microsoft Visual Studio Solution File, Format Version 12.00
# Visual Studio 2012
Project("{FAE04EC0-301F-11D3-BF4B-00C04F79EFBC}") = "Mono Rewrite", "Mono Rewrite\Mono Rewrite.csproj", "{650024B6-1F60-4DCA-A5A5-BAE1CC73CDCC}"
EndProject
Global
	GlobalSection(SolutionConfigurationPlatforms) = preSolution
		Debug|x86 = Debug|x86
		Release|x86 = Release|x86
	EndGlobalSection
	GlobalSection(ProjectConfigurationPlatforms) = postSolution
		{650024B6-1F60-4DCA-A5A5-BAE1CC73CDCC}.Debug|x86.ActiveCfg = Debug|x86
		{650024B6-1F60-4DCA-A5A5-BAE1CC73CDCC}.Debug|x86.Build.0 = Debug|x86
		{650024B6-1F60-4DCA-A5A5-BAE1CC73CDCC}.Release|x86.ActiveCfg = Release|x86
		{650024B6-1F60-4DCA-A5A5-BAE1CC73CDCC}.Release|x86.Build.0 = Release|x86
	EndGlobalSection
	GlobalSection(SolutionProperties) = preSolution
		HideSolutionNode = FALSE
	EndGlobalSection
EndGlobal
